
Microsoft Visual Studio Solution File, Format Version 12.00
# Visual Studio 15
VisualStudioVersion = 15.0.28307.1259
MinimumVisualStudioVersion = 10.0.40219.1
Project("{FAE04EC0-301F-11D3-BF4B-00C04F79EFBC}") = "f74086381_practice2_2", "f74086381_practice2_2\f74086381_practice2_2.csproj", "{A2DE091F-E3B6-4BB7-A203-576C4304CBE7}"
EndProject
Global
	GlobalSection(SolutionConfigurationPlatforms) = preSolution
		Debug|Any CPU = Debug|Any CPU
		Release|Any CPU = Release|Any CPU
	EndGlobalSection
	GlobalSection(ProjectConfigurationPlatforms) = postSolution
		{A2DE091F-E3B6-4BB7-A203-576C4304CBE7}.Debug|Any CPU.ActiveCfg = Debug|Any CPU
		{A2DE091F-E3B6-4BB7-A203-576C4304CBE7}.Debug|Any CPU.Build.0 = Debug|Any CPU
		{A2DE091F-E3B6-4BB7-A203-576C4304CBE7}.Release|Any CPU.ActiveCfg = Release|Any CPU
		{A2DE091F-E3B6-4BB7-A203-576C4304CBE7}.Release|Any CPU.Build.0 = Release|Any CPU
	EndGlobalSection
	GlobalSection(SolutionProperties) = preSolution
		HideSolutionNode = FALSE
	EndGlobalSection
	GlobalSection(ExtensibilityGlobals) = postSolution
		SolutionGuid = {16F59B66-BE62-45BF-A873-78A51BA35306}
	EndGlobalSection
EndGlobal
