
Microsoft Visual Studio Solution File, Format Version 12.00
# Visual Studio 15
VisualStudioVersion = 15.0.28307.1259
MinimumVisualStudioVersion = 10.0.40219.1
Project("{FAE04EC0-301F-11D3-BF4B-00C04F79EFBC}") = "f74086381_practice8_2", "f74086381_practice8_2\f74086381_practice8_2.csproj", "{26A56457-6F2D-4800-8136-8357D5268240}"
EndProject
Global
	GlobalSection(SolutionConfigurationPlatforms) = preSolution
		Debug|Any CPU = Debug|Any CPU
		Release|Any CPU = Release|Any CPU
	EndGlobalSection
	GlobalSection(ProjectConfigurationPlatforms) = postSolution
		{26A56457-6F2D-4800-8136-8357D5268240}.Debug|Any CPU.ActiveCfg = Debug|Any CPU
		{26A56457-6F2D-4800-8136-8357D5268240}.Debug|Any CPU.Build.0 = Debug|Any CPU
		{26A56457-6F2D-4800-8136-8357D5268240}.Release|Any CPU.ActiveCfg = Release|Any CPU
		{26A56457-6F2D-4800-8136-8357D5268240}.Release|Any CPU.Build.0 = Release|Any CPU
	EndGlobalSection
	GlobalSection(SolutionProperties) = preSolution
		HideSolutionNode = FALSE
	EndGlobalSection
	GlobalSection(ExtensibilityGlobals) = postSolution
		SolutionGuid = {16E352B5-6576-4E0F-941F-01C21161ABC2}
	EndGlobalSection
EndGlobal
