
Microsoft Visual Studio Solution File, Format Version 12.00
# Visual Studio 15
VisualStudioVersion = 15.0.28307.1259
MinimumVisualStudioVersion = 10.0.40219.1
Project("{FAE04EC0-301F-11D3-BF4B-00C04F79EFBC}") = "f74086381_practice6_2", "f74086381_practice6_2\f74086381_practice6_2.csproj", "{063B8C55-09E7-47C0-845C-4764DDFAC7B3}"
EndProject
Global
	GlobalSection(SolutionConfigurationPlatforms) = preSolution
		Debug|Any CPU = Debug|Any CPU
		Release|Any CPU = Release|Any CPU
	EndGlobalSection
	GlobalSection(ProjectConfigurationPlatforms) = postSolution
		{063B8C55-09E7-47C0-845C-4764DDFAC7B3}.Debug|Any CPU.ActiveCfg = Debug|Any CPU
		{063B8C55-09E7-47C0-845C-4764DDFAC7B3}.Debug|Any CPU.Build.0 = Debug|Any CPU
		{063B8C55-09E7-47C0-845C-4764DDFAC7B3}.Release|Any CPU.ActiveCfg = Release|Any CPU
		{063B8C55-09E7-47C0-845C-4764DDFAC7B3}.Release|Any CPU.Build.0 = Release|Any CPU
	EndGlobalSection
	GlobalSection(SolutionProperties) = preSolution
		HideSolutionNode = FALSE
	EndGlobalSection
	GlobalSection(ExtensibilityGlobals) = postSolution
		SolutionGuid = {110607D0-D846-4329-8AC6-D361E9408D96}
	EndGlobalSection
EndGlobal
