
Microsoft Visual Studio Solution File, Format Version 12.00
# Visual Studio 15
VisualStudioVersion = 15.0.28307.1259
MinimumVisualStudioVersion = 10.0.40219.1
Project("{FAE04EC0-301F-11D3-BF4B-00C04F79EFBC}") = "f74086381_practice5_2", "f74086381_practice5_2\f74086381_practice5_2.csproj", "{A1D69CEC-CE4C-4E26-B2E2-C789C32DEDC6}"
EndProject
Global
	GlobalSection(SolutionConfigurationPlatforms) = preSolution
		Debug|Any CPU = Debug|Any CPU
		Release|Any CPU = Release|Any CPU
	EndGlobalSection
	GlobalSection(ProjectConfigurationPlatforms) = postSolution
		{A1D69CEC-CE4C-4E26-B2E2-C789C32DEDC6}.Debug|Any CPU.ActiveCfg = Debug|Any CPU
		{A1D69CEC-CE4C-4E26-B2E2-C789C32DEDC6}.Debug|Any CPU.Build.0 = Debug|Any CPU
		{A1D69CEC-CE4C-4E26-B2E2-C789C32DEDC6}.Release|Any CPU.ActiveCfg = Release|Any CPU
		{A1D69CEC-CE4C-4E26-B2E2-C789C32DEDC6}.Release|Any CPU.Build.0 = Release|Any CPU
	EndGlobalSection
	GlobalSection(SolutionProperties) = preSolution
		HideSolutionNode = FALSE
	EndGlobalSection
	GlobalSection(ExtensibilityGlobals) = postSolution
		SolutionGuid = {79772391-C878-4D11-B65B-240C4B01F179}
	EndGlobalSection
EndGlobal
